
Microsoft Visual Studio Solution File, Format Version 12.00
# Visual Studio Version 17
VisualStudioVersion = 17.3.32922.545
MinimumVisualStudioVersion = 10.0.40219.1
Project("{9A19103F-16F7-4668-BE54-9A1E7A4F7556}") = "HotelIbis", "HotelIbis\HotelIbis.csproj", "{C53DFEB0-B88C-41C2-B712-C5B971B478AD}"
EndProject
Global
	GlobalSection(SolutionConfigurationPlatforms) = preSolution
		Debug|Any CPU = Debug|Any CPU
		Release|Any CPU = Release|Any CPU
	EndGlobalSection
	GlobalSection(ProjectConfigurationPlatforms) = postSolution
		{C53DFEB0-B88C-41C2-B712-C5B971B478AD}.Debug|Any CPU.ActiveCfg = Debug|Any CPU
		{C53DFEB0-B88C-41C2-B712-C5B971B478AD}.Debug|Any CPU.Build.0 = Debug|Any CPU
		{C53DFEB0-B88C-41C2-B712-C5B971B478AD}.Release|Any CPU.ActiveCfg = Release|Any CPU
		{C53DFEB0-B88C-41C2-B712-C5B971B478AD}.Release|Any CPU.Build.0 = Release|Any CPU
	EndGlobalSection
	GlobalSection(SolutionProperties) = preSolution
		HideSolutionNode = FALSE
	EndGlobalSection
	GlobalSection(ExtensibilityGlobals) = postSolution
		SolutionGuid = {D6F5AA27-4D11-4DA5-B22C-450BB024289C}
	EndGlobalSection
EndGlobal
